
Microsoft Visual Studio Solution File, Format Version 12.00
# Visual Studio Version 17
VisualStudioVersion = 17.9.34728.123
MinimumVisualStudioVersion = 10.0.40219.1
Project("{2150E333-8FDC-42A3-9474-1A3956D46DE8}") = "Solution Items", "Solution Items", "{BAB12F17-0937-4E0A-B7B3-D0441C9E7389}"
	ProjectSection(SolutionItems) = preProject
		.gitignore = .gitignore
		README.md = README.md
	EndProjectSection
EndProject
Project("{9A19103F-16F7-4668-BE54-9A1E7A4F7556}") = "Schedly.Core", "src\Schedly.Core\Schedly.Core.csproj", "{A22A2DF9-FEF3-45DA-84DC-396BE9764A2B}"
EndProject
Project("{9A19103F-16F7-4668-BE54-9A1E7A4F7556}") = "Schedly.Core.Tests", "src\Schedly.Core.Tests\Schedly.Core.Tests.csproj", "{F8F76D5E-B459-4100-BB29-F72C19BAB08C}"
EndProject
Project("{FAE04EC0-301F-11D3-BF4B-00C04F79EFBC}") = "ConsoleApp", "samples\ConsoleApp\ConsoleApp.csproj", "{67D5E00D-5933-4A70-B12E-C714761F4B28}"
EndProject
Global
	GlobalSection(SolutionConfigurationPlatforms) = preSolution
		Debug|Any CPU = Debug|Any CPU
		Release|Any CPU = Release|Any CPU
	EndGlobalSection
	GlobalSection(ProjectConfigurationPlatforms) = postSolution
		{A22A2DF9-FEF3-45DA-84DC-396BE9764A2B}.Debug|Any CPU.ActiveCfg = Debug|Any CPU
		{A22A2DF9-FEF3-45DA-84DC-396BE9764A2B}.Debug|Any CPU.Build.0 = Debug|Any CPU
		{A22A2DF9-FEF3-45DA-84DC-396BE9764A2B}.Release|Any CPU.ActiveCfg = Release|Any CPU
		{A22A2DF9-FEF3-45DA-84DC-396BE9764A2B}.Release|Any CPU.Build.0 = Release|Any CPU
		{F8F76D5E-B459-4100-BB29-F72C19BAB08C}.Debug|Any CPU.ActiveCfg = Debug|Any CPU
		{F8F76D5E-B459-4100-BB29-F72C19BAB08C}.Debug|Any CPU.Build.0 = Debug|Any CPU
		{F8F76D5E-B459-4100-BB29-F72C19BAB08C}.Release|Any CPU.ActiveCfg = Release|Any CPU
		{F8F76D5E-B459-4100-BB29-F72C19BAB08C}.Release|Any CPU.Build.0 = Release|Any CPU
		{67D5E00D-5933-4A70-B12E-C714761F4B28}.Debug|Any CPU.ActiveCfg = Debug|Any CPU
		{67D5E00D-5933-4A70-B12E-C714761F4B28}.Debug|Any CPU.Build.0 = Debug|Any CPU
		{67D5E00D-5933-4A70-B12E-C714761F4B28}.Release|Any CPU.ActiveCfg = Release|Any CPU
		{67D5E00D-5933-4A70-B12E-C714761F4B28}.Release|Any CPU.Build.0 = Release|Any CPU
	EndGlobalSection
	GlobalSection(SolutionProperties) = preSolution
		HideSolutionNode = FALSE
	EndGlobalSection
	GlobalSection(ExtensibilityGlobals) = postSolution
		SolutionGuid = {614F3314-DEA2-4D24-A48F-68DE499C823D}
	EndGlobalSection
EndGlobal
